// !$*UTF8*$!
{
	archiveVersion = 1;
	classes = {
	};
	objectVersion = 46;
	objects = {

/* Begin PBXBuildFile section */
		5B39AEBF1BEB2E720028FE6F /* main.m in Sources */ = {isa = PBXBuildFile; fileRef = 5B39AEBE1BEB2E720028FE6F /* main.m */; };
/* End PBXBuildFile section */

/* Begin PBXCopyFilesBuildPhase section */
		5B39AEB91BEB2E720028FE6F /* CopyFiles */ = {
			isa = PBXCopyFilesBuildPhase;
			buildActionMask = 2147483647;
			dstPath = /usr/share/man/man1/;
			dstSubfolderSpec = 0;
			files = (
			);
			runOnlyForDeploymentPostprocessing = 1;
		};
/* End PBXCopyFilesBuildPhase section */

/* Begin PBXFileReference section */
		5B39AEBB1BEB2E720028FE6F /* ZHKPractice6.5_part3 */ = {isa = PBXFileReference; explicitFileType = "compiled.mach-o.executable"; includeInIndex = 0; path = ZHKPractice6.5_part3; sourceTree = BUILT_PRODUCTS_DIR; };
		5B39AEBE1BEB2E720028FE6F /* main.m */ = {isa = PBXFileReference; lastKnownFileType = sourcecode.c.objc; path = main.m; sourceTree = "<group>"; };
/* End PBXFileReference section */

/* Begin PBXFrameworksBuildPhase section */
		5B39AEB81BEB2E720028FE6F /* Frameworks */ = {
			isa = PBXFrameworksBuildPhase;
			buildActionMask = 2147483647;
			files = (
			);
			runOnlyForDeploymentPostprocessing = 0;
		};
/* End PBXFrameworksBuildPhase section */

/* Begin PBXGroup section */
		5B39AEB21BEB2E720028FE6F = {
			isa = PBXGroup;
			children = (
				5B39AEBD1BEB2E720028FE6F /* ZHKPractice6.5_part3 */,
				5B39AEBC1BEB2E720028FE6F /* Products */,
			);
			sourceTree = "<group>";
		};
		5B39AEBC1BEB2E720028FE6F /* Products */ = {
			isa = PBXGroup;
			children = (
				5B39AEBB1BEB2E720028FE6F /* ZHKPractice6.5_part3 */,
			);
			name = Products;
			sourceTree = "<group>";
		};
		5B39AEBD1BEB2E720028FE6F /* ZHKPractice6.5_part3 */ = {
			isa = PBXGroup;
			children = (
				5B39AEBE1BEB2E720028FE6F /* main.m */,
			);
			path = ZHKPractice6.5_part3;
			sourceTree = "<group>";
		};
/* End PBXGroup section */

/* Begin PBXNativeTarget section */
		5B39AEBA1BEB2E720028FE6F /* ZHKPractice6.5_part3 */ = {
			isa = PBXNativeTarget;
			buildConfigurationList = 5B39AEC21BEB2E720028FE6F /* Build configuration list for PBXNativeTarget "ZHKPractice6.5_part3" */;
			buildPhases = (
				5B39AEB71BEB2E720028FE6F /* Sources */,
				5B39AEB81BEB2E720028FE6F /* Frameworks */,
				5B39AEB91BEB2E720028FE6F /* CopyFiles */,
			);
			buildRules = (
			);
			dependencies = (
			);
			name = ZHKPractice6.5_part3;
			productName = ZHKPractice6.5_part3;
			productReference = 5B39AEBB1BEB2E720028FE6F /* ZHKPractice6.5_part3 */;
			productType = "com.apple.product-type.tool";
		};
/* End PBXNativeTarget section */

/* Begin PBXProject section */
		5B39AEB31BEB2E720028FE6F /* Project object */ = {
			isa = PBXProject;
			attributes = {
				LastUpgradeCheck = 0710;
				ORGANIZATIONNAME = Matin.Zhou;
				TargetAttributes = {
					5B39AEBA1BEB2E720028FE6F = {
						CreatedOnToolsVersion = 7.1;
					};
				};
			};
			buildConfigurationList = 5B39AEB61BEB2E720028FE6F /* Build configuration list for PBXProject "ZHKPractice6.5_part3" */;
			compatibilityVersion = "Xcode 3.2";
			developmentRegion = English;
			hasScannedForEncodings = 0;
			knownRegions = (
				en,
			);
			mainGroup = 5B39AEB21BEB2E720028FE6F;
			productRefGroup = 5B39AEBC1BEB2E720028FE6F /* Products */;
			projectDirPath = "";
			projectRoot = "";
			targets = (
				5B39AEBA1BEB2E720028FE6F /* ZHKPractice6.5_part3 */,
			);
		};
/* End PBXProject section */

/* Begin PBXSourcesBuildPhase section */
		5B39AEB71BEB2E720028FE6F /* Sources */ = {
			isa = PBXSourcesBuildPhase;
			buildActionMask = 2147483647;
			files = (
				5B39AEBF1BEB2E720028FE6F /* main.m in Sources */,
			);
			runOnlyForDeploymentPostprocessing = 0;
		};
/* End PBXSourcesBuildPhase section */

/* Begin XCBuildConfiguration section */
		5B39AEC01BEB2E720028FE6F /* Debug */ = {
			isa = XCBuildConfiguration;
			buildSettings = {
				ALWAYS_SEARCH_USER_PATHS = NO;
				CLANG_CXX_LANGUAGE_STANDARD = "gnu++0x";
				CLANG_CXX_LIBRARY = "libc++";
				CLANG_ENABLE_MODULES = YES;
				CLANG_ENABLE_OBJC_ARC = YES;
				CLANG_WARN_BOOL_CONVERSION = YES;
				CLANG_WARN_CONSTANT_CONVERSION = YES;
				CLANG_WARN_DIRECT_OBJC_ISA_USAGE = YES_ERROR;
				CLANG_WARN_EMPTY_BODY = YES;
				CLANG_WARN_ENUM_CONVERSION = YES;
				CLANG_WARN_INT_CONVERSION = YES;
				CLANG_WARN_OBJC_ROOT_CLASS = YES_ERROR;
				CLANG_WARN_UNREACHABLE_CODE = YES;
				CLANG_WARN__DUPLICATE_METHOD_MATCH = YES;
				CODE_SIGN_IDENTITY = "-";
				COPY_PHASE_STRIP = NO;
				DEBUG_INFORMATION_FORMAT = dwarf;
				ENABLE_STRICT_OBJC_MSGSEND = YES;
				ENABLE_TESTABILITY = YES;
				GCC_C_LANGUAGE_STANDARD = gnu99;
				GCC_DYNAMIC_NO_PIC = NO;
				GCC_NO_COMMON_BLOCKS = YES;
				GCC_OPTIMIZATION_LEVEL = 0;
				GCC_PREPROCESSOR_DEFINITIONS = (
					"DEBUG=1",
					"$(inherited)",
				);
				GCC_WARN_64_TO_32_BIT_CONVERSION = YES;
				GCC_WARN_ABOUT_RETURN_TYPE = YES_ERROR;
				GCC_WARN_UNDECLARED_SELECTOR = YES;
				GCC_WARN_UNINITIALIZED_AUTOS = YES_AGGRESSIVE;
				GCC_WARN_UNUSED_FUNCTION = YES;
				GCC_WARN_UNUSED_VARIABLE = YES;
				MACOSX_DEPLOYMENT_TARGET = 10.11;
				MTL_ENABLE_DEBUG_INFO = YES;
				ONLY_ACTIVE_ARCH = YES;
				SDKROOT = macosx;
			};
			name = Debug;
		};
		5B39AEC11BEB2E720028FE6F /* Release */ = {
			isa = XCBuildConfiguration;
			buildSettings = {
				ALWAYS_SEARCH_USER_PATHS = NO;
				CLANG_CXX_LANGUAGE_STANDARD = "gnu++0x";
				CLANG_CXX_LIBRARY = "libc++";
				CLANG_ENABLE_MODULES = YES;
				CLANG_ENABLE_OBJC_ARC = YES;
				CLANG_WARN_BOOL_CONVERSION = YES;
				CLANG_WARN_CONSTANT_CONVERSION = YES;
				CLANG_WARN_DIRECT_OBJC_ISA_USAGE = YES_ERROR;
				CLANG_WARN_EMPTY_BODY = YES;
				CLANG_WARN_ENUM_CONVERSION = YES;
				CLANG_WARN_INT_CONVERSION = YES;
				CLANG_WARN_OBJC_ROOT_CLASS = YES_ERROR;
				CLANG_WARN_UNREACHABLE_CODE = YES;
				CLANG_WARN__DUPLICATE_METHOD_MATCH = YES;
				CODE_SIGN_IDENTITY = "-";
				COPY_PHASE_STRIP = NO;
				DEBUG_INFORMATION_FORMAT = "dwarf-with-dsym";
				ENABLE_NS_ASSERTIONS = NO;
				ENABLE_STRICT_OBJC_MSGSEND = YES;
				GCC_C_LANGUAGE_STANDARD = gnu99;
				GCC_NO_COMMON_BLOCKS = YES;
				GCC_WARN_64_TO_32_BIT_CONVERSION = YES;
				GCC_WARN_ABOUT_RETURN_TYPE = YES_ERROR;
				GCC_WARN_UNDECLARED_SELECTOR = YES;
				GCC_WARN_UNINITIALIZED_AUTOS = YES_AGGRESSIVE;
				GCC_WARN_UNUSED_FUNCTION = YES;
				GCC_WARN_UNUSED_VARIABLE = YES;
				MACOSX_DEPLOYMENT_TARGET = 10.11;
				MTL_ENABLE_DEBUG_INFO = NO;
				SDKROOT = macosx;
			};
			name = Release;
		};
		5B39AEC31BEB2E720028FE6F /* Debug */ = {
			isa = XCBuildConfiguration;
			buildSettings = {
				PRODUCT_NAME = "$(TARGET_NAME)";
			};
			name = Debug;
		};
		5B39AEC41BEB2E720028FE6F /* Release */ = {
			isa = XCBuildConfiguration;
			buildSettings = {
				PRODUCT_NAME = "$(TARGET_NAME)";
			};
			name = Release;
		};
/* End XCBuildConfiguration section */

/* Begin XCConfigurationList section */
		5B39AEB61BEB2E720028FE6F /* Build configuration list for PBXProject "ZHKPractice6.5_part3" */ = {
			isa = XCConfigurationList;
			buildConfigurations = (
				5B39AEC01BEB2E720028FE6F /* Debug */,
				5B39AEC11BEB2E720028FE6F /* Release */,
			);
			defaultConfigurationIsVisible = 0;
			defaultConfigurationName = Release;
		};
		5B39AEC21BEB2E720028FE6F /* Build configuration list for PBXNativeTarget "ZHKPractice6.5_part3" */ = {
			isa = XCConfigurationList;
			buildConfigurations = (
				5B39AEC31BEB2E720028FE6F /* Debug */,
				5B39AEC41BEB2E720028FE6F /* Release */,
			);
			defaultConfigurationIsVisible = 0;
		};
/* End XCConfigurationList section */
	};
	rootObject = 5B39AEB31BEB2E720028FE6F /* Project object */;
}
