// !$*UTF8*$!
{
	archiveVersion = 1;
	classes = {
	};
	objectVersion = 46;
	objects = {

/* Begin PBXBuildFile section */
		5B020D891BF847FD005A8A14 /* main.m in Sources */ = {isa = PBXBuildFile; fileRef = 5B020D881BF847FD005A8A14 /* main.m */; };
		5B020D941BF84965005A8A14 /* Calculator.m in Sources */ = {isa = PBXBuildFile; fileRef = 5B020D931BF84965005A8A14 /* Calculator.m */; };
		5B020D971BF84C1B005A8A14 /* Calculator+Trig.m in Sources */ = {isa = PBXBuildFile; fileRef = 5B020D961BF84C1B005A8A14 /* Calculator+Trig.m */; };
/* End PBXBuildFile section */

/* Begin PBXCopyFilesBuildPhase section */
		5B020D831BF847FD005A8A14 /* CopyFiles */ = {
			isa = PBXCopyFilesBuildPhase;
			buildActionMask = 2147483647;
			dstPath = /usr/share/man/man1/;
			dstSubfolderSpec = 0;
			files = (
			);
			runOnlyForDeploymentPostprocessing = 1;
		};
/* End PBXCopyFilesBuildPhase section */

/* Begin PBXFileReference section */
		5B020D851BF847FD005A8A14 /* ZHKPractice11.5_part2 */ = {isa = PBXFileReference; explicitFileType = "compiled.mach-o.executable"; includeInIndex = 0; path = ZHKPractice11.5_part2; sourceTree = BUILT_PRODUCTS_DIR; };
		5B020D881BF847FD005A8A14 /* main.m */ = {isa = PBXFileReference; lastKnownFileType = sourcecode.c.objc; path = main.m; sourceTree = "<group>"; };
		5B020D921BF84965005A8A14 /* Calculator.h */ = {isa = PBXFileReference; fileEncoding = 4; lastKnownFileType = sourcecode.c.h; path = Calculator.h; sourceTree = "<group>"; };
		5B020D931BF84965005A8A14 /* Calculator.m */ = {isa = PBXFileReference; fileEncoding = 4; lastKnownFileType = sourcecode.c.objc; path = Calculator.m; sourceTree = "<group>"; };
		5B020D951BF84C1B005A8A14 /* Calculator+Trig.h */ = {isa = PBXFileReference; fileEncoding = 4; lastKnownFileType = sourcecode.c.h; path = "Calculator+Trig.h"; sourceTree = "<group>"; };
		5B020D961BF84C1B005A8A14 /* Calculator+Trig.m */ = {isa = PBXFileReference; fileEncoding = 4; lastKnownFileType = sourcecode.c.objc; path = "Calculator+Trig.m"; sourceTree = "<group>"; };
/* End PBXFileReference section */

/* Begin PBXFrameworksBuildPhase section */
		5B020D821BF847FD005A8A14 /* Frameworks */ = {
			isa = PBXFrameworksBuildPhase;
			buildActionMask = 2147483647;
			files = (
			);
			runOnlyForDeploymentPostprocessing = 0;
		};
/* End PBXFrameworksBuildPhase section */

/* Begin PBXGroup section */
		5B020D7C1BF847FD005A8A14 = {
			isa = PBXGroup;
			children = (
				5B020D871BF847FD005A8A14 /* ZHKPractice11.5_part2 */,
				5B020D861BF847FD005A8A14 /* Products */,
			);
			sourceTree = "<group>";
		};
		5B020D861BF847FD005A8A14 /* Products */ = {
			isa = PBXGroup;
			children = (
				5B020D851BF847FD005A8A14 /* ZHKPractice11.5_part2 */,
			);
			name = Products;
			sourceTree = "<group>";
		};
		5B020D871BF847FD005A8A14 /* ZHKPractice11.5_part2 */ = {
			isa = PBXGroup;
			children = (
				5B020D881BF847FD005A8A14 /* main.m */,
				5B020D921BF84965005A8A14 /* Calculator.h */,
				5B020D931BF84965005A8A14 /* Calculator.m */,
				5B020D951BF84C1B005A8A14 /* Calculator+Trig.h */,
				5B020D961BF84C1B005A8A14 /* Calculator+Trig.m */,
			);
			path = ZHKPractice11.5_part2;
			sourceTree = "<group>";
		};
/* End PBXGroup section */

/* Begin PBXNativeTarget section */
		5B020D841BF847FD005A8A14 /* ZHKPractice11.5_part2 */ = {
			isa = PBXNativeTarget;
			buildConfigurationList = 5B020D8C1BF847FD005A8A14 /* Build configuration list for PBXNativeTarget "ZHKPractice11.5_part2" */;
			buildPhases = (
				5B020D811BF847FD005A8A14 /* Sources */,
				5B020D821BF847FD005A8A14 /* Frameworks */,
				5B020D831BF847FD005A8A14 /* CopyFiles */,
			);
			buildRules = (
			);
			dependencies = (
			);
			name = ZHKPractice11.5_part2;
			productName = ZHKPractice11.5_part2;
			productReference = 5B020D851BF847FD005A8A14 /* ZHKPractice11.5_part2 */;
			productType = "com.apple.product-type.tool";
		};
/* End PBXNativeTarget section */

/* Begin PBXProject section */
		5B020D7D1BF847FD005A8A14 /* Project object */ = {
			isa = PBXProject;
			attributes = {
				LastUpgradeCheck = 0710;
				ORGANIZATIONNAME = Matin.Zhou;
				TargetAttributes = {
					5B020D841BF847FD005A8A14 = {
						CreatedOnToolsVersion = 7.1.1;
					};
				};
			};
			buildConfigurationList = 5B020D801BF847FD005A8A14 /* Build configuration list for PBXProject "ZHKPractice11.5_part2" */;
			compatibilityVersion = "Xcode 3.2";
			developmentRegion = English;
			hasScannedForEncodings = 0;
			knownRegions = (
				en,
			);
			mainGroup = 5B020D7C1BF847FD005A8A14;
			productRefGroup = 5B020D861BF847FD005A8A14 /* Products */;
			projectDirPath = "";
			projectRoot = "";
			targets = (
				5B020D841BF847FD005A8A14 /* ZHKPractice11.5_part2 */,
			);
		};
/* End PBXProject section */

/* Begin PBXSourcesBuildPhase section */
		5B020D811BF847FD005A8A14 /* Sources */ = {
			isa = PBXSourcesBuildPhase;
			buildActionMask = 2147483647;
			files = (
				5B020D971BF84C1B005A8A14 /* Calculator+Trig.m in Sources */,
				5B020D891BF847FD005A8A14 /* main.m in Sources */,
				5B020D941BF84965005A8A14 /* Calculator.m in Sources */,
			);
			runOnlyForDeploymentPostprocessing = 0;
		};
/* End PBXSourcesBuildPhase section */

/* Begin XCBuildConfiguration section */
		5B020D8A1BF847FD005A8A14 /* Debug */ = {
			isa = XCBuildConfiguration;
			buildSettings = {
				ALWAYS_SEARCH_USER_PATHS = NO;
				CLANG_CXX_LANGUAGE_STANDARD = "gnu++0x";
				CLANG_CXX_LIBRARY = "libc++";
				CLANG_ENABLE_MODULES = YES;
				CLANG_ENABLE_OBJC_ARC = YES;
				CLANG_WARN_BOOL_CONVERSION = YES;
				CLANG_WARN_CONSTANT_CONVERSION = YES;
				CLANG_WARN_DIRECT_OBJC_ISA_USAGE = YES_ERROR;
				CLANG_WARN_EMPTY_BODY = YES;
				CLANG_WARN_ENUM_CONVERSION = YES;
				CLANG_WARN_INT_CONVERSION = YES;
				CLANG_WARN_OBJC_ROOT_CLASS = YES_ERROR;
				CLANG_WARN_UNREACHABLE_CODE = YES;
				CLANG_WARN__DUPLICATE_METHOD_MATCH = YES;
				CODE_SIGN_IDENTITY = "-";
				COPY_PHASE_STRIP = NO;
				DEBUG_INFORMATION_FORMAT = dwarf;
				ENABLE_STRICT_OBJC_MSGSEND = YES;
				ENABLE_TESTABILITY = YES;
				GCC_C_LANGUAGE_STANDARD = gnu99;
				GCC_DYNAMIC_NO_PIC = NO;
				GCC_NO_COMMON_BLOCKS = YES;
				GCC_OPTIMIZATION_LEVEL = 0;
				GCC_PREPROCESSOR_DEFINITIONS = (
					"DEBUG=1",
					"$(inherited)",
				);
				GCC_WARN_64_TO_32_BIT_CONVERSION = YES;
				GCC_WARN_ABOUT_RETURN_TYPE = YES_ERROR;
				GCC_WARN_UNDECLARED_SELECTOR = YES;
				GCC_WARN_UNINITIALIZED_AUTOS = YES_AGGRESSIVE;
				GCC_WARN_UNUSED_FUNCTION = YES;
				GCC_WARN_UNUSED_VARIABLE = YES;
				MACOSX_DEPLOYMENT_TARGET = 10.11;
				MTL_ENABLE_DEBUG_INFO = YES;
				ONLY_ACTIVE_ARCH = YES;
				SDKROOT = macosx;
			};
			name = Debug;
		};
		5B020D8B1BF847FD005A8A14 /* Release */ = {
			isa = XCBuildConfiguration;
			buildSettings = {
				ALWAYS_SEARCH_USER_PATHS = NO;
				CLANG_CXX_LANGUAGE_STANDARD = "gnu++0x";
				CLANG_CXX_LIBRARY = "libc++";
				CLANG_ENABLE_MODULES = YES;
				CLANG_ENABLE_OBJC_ARC = YES;
				CLANG_WARN_BOOL_CONVERSION = YES;
				CLANG_WARN_CONSTANT_CONVERSION = YES;
				CLANG_WARN_DIRECT_OBJC_ISA_USAGE = YES_ERROR;
				CLANG_WARN_EMPTY_BODY = YES;
				CLANG_WARN_ENUM_CONVERSION = YES;
				CLANG_WARN_INT_CONVERSION = YES;
				CLANG_WARN_OBJC_ROOT_CLASS = YES_ERROR;
				CLANG_WARN_UNREACHABLE_CODE = YES;
				CLANG_WARN__DUPLICATE_METHOD_MATCH = YES;
				CODE_SIGN_IDENTITY = "-";
				COPY_PHASE_STRIP = NO;
				DEBUG_INFORMATION_FORMAT = "dwarf-with-dsym";
				ENABLE_NS_ASSERTIONS = NO;
				ENABLE_STRICT_OBJC_MSGSEND = YES;
				GCC_C_LANGUAGE_STANDARD = gnu99;
				GCC_NO_COMMON_BLOCKS = YES;
				GCC_WARN_64_TO_32_BIT_CONVERSION = YES;
				GCC_WARN_ABOUT_RETURN_TYPE = YES_ERROR;
				GCC_WARN_UNDECLARED_SELECTOR = YES;
				GCC_WARN_UNINITIALIZED_AUTOS = YES_AGGRESSIVE;
				GCC_WARN_UNUSED_FUNCTION = YES;
				GCC_WARN_UNUSED_VARIABLE = YES;
				MACOSX_DEPLOYMENT_TARGET = 10.11;
				MTL_ENABLE_DEBUG_INFO = NO;
				SDKROOT = macosx;
			};
			name = Release;
		};
		5B020D8D1BF847FD005A8A14 /* Debug */ = {
			isa = XCBuildConfiguration;
			buildSettings = {
				PRODUCT_NAME = "$(TARGET_NAME)";
			};
			name = Debug;
		};
		5B020D8E1BF847FD005A8A14 /* Release */ = {
			isa = XCBuildConfiguration;
			buildSettings = {
				PRODUCT_NAME = "$(TARGET_NAME)";
			};
			name = Release;
		};
/* End XCBuildConfiguration section */

/* Begin XCConfigurationList section */
		5B020D801BF847FD005A8A14 /* Build configuration list for PBXProject "ZHKPractice11.5_part2" */ = {
			isa = XCConfigurationList;
			buildConfigurations = (
				5B020D8A1BF847FD005A8A14 /* Debug */,
				5B020D8B1BF847FD005A8A14 /* Release */,
			);
			defaultConfigurationIsVisible = 0;
			defaultConfigurationName = Release;
		};
		5B020D8C1BF847FD005A8A14 /* Build configuration list for PBXNativeTarget "ZHKPractice11.5_part2" */ = {
			isa = XCConfigurationList;
			buildConfigurations = (
				5B020D8D1BF847FD005A8A14 /* Debug */,
				5B020D8E1BF847FD005A8A14 /* Release */,
			);
			defaultConfigurationIsVisible = 0;
		};
/* End XCConfigurationList section */
	};
	rootObject = 5B020D7D1BF847FD005A8A14 /* Project object */;
}
