// !$*UTF8*$!
{
	archiveVersion = 1;
	classes = {
	};
	objectVersion = 46;
	objects = {

/* Begin PBXBuildFile section */
		5B645DCF1C5FB2EA00C8E228 /* main.m in Sources */ = {isa = PBXBuildFile; fileRef = 5B645DCE1C5FB2EA00C8E228 /* main.m */; };
/* End PBXBuildFile section */

/* Begin PBXCopyFilesBuildPhase section */
		5B645DC91C5FB2EA00C8E228 /* CopyFiles */ = {
			isa = PBXCopyFilesBuildPhase;
			buildActionMask = 2147483647;
			dstPath = /usr/share/man/man1/;
			dstSubfolderSpec = 0;
			files = (
			);
			runOnlyForDeploymentPostprocessing = 1;
		};
/* End PBXCopyFilesBuildPhase section */

/* Begin PBXFileReference section */
		5B645DCB1C5FB2EA00C8E228 /* MZPractice2.5_review2 */ = {isa = PBXFileReference; explicitFileType = "compiled.mach-o.executable"; includeInIndex = 0; path = MZPractice2.5_review2; sourceTree = BUILT_PRODUCTS_DIR; };
		5B645DCE1C5FB2EA00C8E228 /* main.m */ = {isa = PBXFileReference; lastKnownFileType = sourcecode.c.objc; path = main.m; sourceTree = "<group>"; };
/* End PBXFileReference section */

/* Begin PBXFrameworksBuildPhase section */
		5B645DC81C5FB2EA00C8E228 /* Frameworks */ = {
			isa = PBXFrameworksBuildPhase;
			buildActionMask = 2147483647;
			files = (
			);
			runOnlyForDeploymentPostprocessing = 0;
		};
/* End PBXFrameworksBuildPhase section */

/* Begin PBXGroup section */
		5B645DC21C5FB2EA00C8E228 = {
			isa = PBXGroup;
			children = (
				5B645DCD1C5FB2EA00C8E228 /* MZPractice2.5_review2 */,
				5B645DCC1C5FB2EA00C8E228 /* Products */,
			);
			sourceTree = "<group>";
		};
		5B645DCC1C5FB2EA00C8E228 /* Products */ = {
			isa = PBXGroup;
			children = (
				5B645DCB1C5FB2EA00C8E228 /* MZPractice2.5_review2 */,
			);
			name = Products;
			sourceTree = "<group>";
		};
		5B645DCD1C5FB2EA00C8E228 /* MZPractice2.5_review2 */ = {
			isa = PBXGroup;
			children = (
				5B645DCE1C5FB2EA00C8E228 /* main.m */,
			);
			path = MZPractice2.5_review2;
			sourceTree = "<group>";
		};
/* End PBXGroup section */

/* Begin PBXNativeTarget section */
		5B645DCA1C5FB2EA00C8E228 /* MZPractice2.5_review2 */ = {
			isa = PBXNativeTarget;
			buildConfigurationList = 5B645DD21C5FB2EA00C8E228 /* Build configuration list for PBXNativeTarget "MZPractice2.5_review2" */;
			buildPhases = (
				5B645DC71C5FB2EA00C8E228 /* Sources */,
				5B645DC81C5FB2EA00C8E228 /* Frameworks */,
				5B645DC91C5FB2EA00C8E228 /* CopyFiles */,
			);
			buildRules = (
			);
			dependencies = (
			);
			name = MZPractice2.5_review2;
			productName = MZPractice2.5_review2;
			productReference = 5B645DCB1C5FB2EA00C8E228 /* MZPractice2.5_review2 */;
			productType = "com.apple.product-type.tool";
		};
/* End PBXNativeTarget section */

/* Begin PBXProject section */
		5B645DC31C5FB2EA00C8E228 /* Project object */ = {
			isa = PBXProject;
			attributes = {
				LastUpgradeCheck = 0720;
				ORGANIZATIONNAME = Matin.Zhou;
				TargetAttributes = {
					5B645DCA1C5FB2EA00C8E228 = {
						CreatedOnToolsVersion = 7.2;
					};
				};
			};
			buildConfigurationList = 5B645DC61C5FB2EA00C8E228 /* Build configuration list for PBXProject "MZPractice2.5_review2" */;
			compatibilityVersion = "Xcode 3.2";
			developmentRegion = English;
			hasScannedForEncodings = 0;
			knownRegions = (
				en,
			);
			mainGroup = 5B645DC21C5FB2EA00C8E228;
			productRefGroup = 5B645DCC1C5FB2EA00C8E228 /* Products */;
			projectDirPath = "";
			projectRoot = "";
			targets = (
				5B645DCA1C5FB2EA00C8E228 /* MZPractice2.5_review2 */,
			);
		};
/* End PBXProject section */

/* Begin PBXSourcesBuildPhase section */
		5B645DC71C5FB2EA00C8E228 /* Sources */ = {
			isa = PBXSourcesBuildPhase;
			buildActionMask = 2147483647;
			files = (
				5B645DCF1C5FB2EA00C8E228 /* main.m in Sources */,
			);
			runOnlyForDeploymentPostprocessing = 0;
		};
/* End PBXSourcesBuildPhase section */

/* Begin XCBuildConfiguration section */
		5B645DD01C5FB2EA00C8E228 /* Debug */ = {
			isa = XCBuildConfiguration;
			buildSettings = {
				ALWAYS_SEARCH_USER_PATHS = NO;
				CLANG_CXX_LANGUAGE_STANDARD = "gnu++0x";
				CLANG_CXX_LIBRARY = "libc++";
				CLANG_ENABLE_MODULES = YES;
				CLANG_ENABLE_OBJC_ARC = YES;
				CLANG_WARN_BOOL_CONVERSION = YES;
				CLANG_WARN_CONSTANT_CONVERSION = YES;
				CLANG_WARN_DIRECT_OBJC_ISA_USAGE = YES_ERROR;
				CLANG_WARN_EMPTY_BODY = YES;
				CLANG_WARN_ENUM_CONVERSION = YES;
				CLANG_WARN_INT_CONVERSION = YES;
				CLANG_WARN_OBJC_ROOT_CLASS = YES_ERROR;
				CLANG_WARN_UNREACHABLE_CODE = YES;
				CLANG_WARN__DUPLICATE_METHOD_MATCH = YES;
				CODE_SIGN_IDENTITY = "-";
				COPY_PHASE_STRIP = NO;
				DEBUG_INFORMATION_FORMAT = dwarf;
				ENABLE_STRICT_OBJC_MSGSEND = YES;
				ENABLE_TESTABILITY = YES;
				GCC_C_LANGUAGE_STANDARD = gnu99;
				GCC_DYNAMIC_NO_PIC = NO;
				GCC_NO_COMMON_BLOCKS = YES;
				GCC_OPTIMIZATION_LEVEL = 0;
				GCC_PREPROCESSOR_DEFINITIONS = (
					"DEBUG=1",
					"$(inherited)",
				);
				GCC_WARN_64_TO_32_BIT_CONVERSION = YES;
				GCC_WARN_ABOUT_RETURN_TYPE = YES_ERROR;
				GCC_WARN_UNDECLARED_SELECTOR = YES;
				GCC_WARN_UNINITIALIZED_AUTOS = YES_AGGRESSIVE;
				GCC_WARN_UNUSED_FUNCTION = YES;
				GCC_WARN_UNUSED_VARIABLE = YES;
				MACOSX_DEPLOYMENT_TARGET = 10.11;
				MTL_ENABLE_DEBUG_INFO = YES;
				ONLY_ACTIVE_ARCH = YES;
				SDKROOT = macosx;
			};
			name = Debug;
		};
		5B645DD11C5FB2EA00C8E228 /* Release */ = {
			isa = XCBuildConfiguration;
			buildSettings = {
				ALWAYS_SEARCH_USER_PATHS = NO;
				CLANG_CXX_LANGUAGE_STANDARD = "gnu++0x";
				CLANG_CXX_LIBRARY = "libc++";
				CLANG_ENABLE_MODULES = YES;
				CLANG_ENABLE_OBJC_ARC = YES;
				CLANG_WARN_BOOL_CONVERSION = YES;
				CLANG_WARN_CONSTANT_CONVERSION = YES;
				CLANG_WARN_DIRECT_OBJC_ISA_USAGE = YES_ERROR;
				CLANG_WARN_EMPTY_BODY = YES;
				CLANG_WARN_ENUM_CONVERSION = YES;
				CLANG_WARN_INT_CONVERSION = YES;
				CLANG_WARN_OBJC_ROOT_CLASS = YES_ERROR;
				CLANG_WARN_UNREACHABLE_CODE = YES;
				CLANG_WARN__DUPLICATE_METHOD_MATCH = YES;
				CODE_SIGN_IDENTITY = "-";
				COPY_PHASE_STRIP = NO;
				DEBUG_INFORMATION_FORMAT = "dwarf-with-dsym";
				ENABLE_NS_ASSERTIONS = NO;
				ENABLE_STRICT_OBJC_MSGSEND = YES;
				GCC_C_LANGUAGE_STANDARD = gnu99;
				GCC_NO_COMMON_BLOCKS = YES;
				GCC_WARN_64_TO_32_BIT_CONVERSION = YES;
				GCC_WARN_ABOUT_RETURN_TYPE = YES_ERROR;
				GCC_WARN_UNDECLARED_SELECTOR = YES;
				GCC_WARN_UNINITIALIZED_AUTOS = YES_AGGRESSIVE;
				GCC_WARN_UNUSED_FUNCTION = YES;
				GCC_WARN_UNUSED_VARIABLE = YES;
				MACOSX_DEPLOYMENT_TARGET = 10.11;
				MTL_ENABLE_DEBUG_INFO = NO;
				SDKROOT = macosx;
			};
			name = Release;
		};
		5B645DD31C5FB2EA00C8E228 /* Debug */ = {
			isa = XCBuildConfiguration;
			buildSettings = {
				PRODUCT_NAME = "$(TARGET_NAME)";
			};
			name = Debug;
		};
		5B645DD41C5FB2EA00C8E228 /* Release */ = {
			isa = XCBuildConfiguration;
			buildSettings = {
				PRODUCT_NAME = "$(TARGET_NAME)";
			};
			name = Release;
		};
/* End XCBuildConfiguration section */

/* Begin XCConfigurationList section */
		5B645DC61C5FB2EA00C8E228 /* Build configuration list for PBXProject "MZPractice2.5_review2" */ = {
			isa = XCConfigurationList;
			buildConfigurations = (
				5B645DD01C5FB2EA00C8E228 /* Debug */,
				5B645DD11C5FB2EA00C8E228 /* Release */,
			);
			defaultConfigurationIsVisible = 0;
			defaultConfigurationName = Release;
		};
		5B645DD21C5FB2EA00C8E228 /* Build configuration list for PBXNativeTarget "MZPractice2.5_review2" */ = {
			isa = XCConfigurationList;
			buildConfigurations = (
				5B645DD31C5FB2EA00C8E228 /* Debug */,
				5B645DD41C5FB2EA00C8E228 /* Release */,
			);
			defaultConfigurationIsVisible = 0;
		};
/* End XCConfigurationList section */
	};
	rootObject = 5B645DC31C5FB2EA00C8E228 /* Project object */;
}
