// !$*UTF8*$!
{
	archiveVersion = 1;
	classes = {
	};
	objectVersion = 46;
	objects = {

/* Begin PBXBuildFile section */
		5BFCF3CC1C5BB2DA000A1B27 /* main.m in Sources */ = {isa = PBXBuildFile; fileRef = 5BFCF3CB1C5BB2DA000A1B27 /* main.m */; };
/* End PBXBuildFile section */

/* Begin PBXCopyFilesBuildPhase section */
		5BFCF3C61C5BB2DA000A1B27 /* CopyFiles */ = {
			isa = PBXCopyFilesBuildPhase;
			buildActionMask = 2147483647;
			dstPath = /usr/share/man/man1/;
			dstSubfolderSpec = 0;
			files = (
			);
			runOnlyForDeploymentPostprocessing = 1;
		};
/* End PBXCopyFilesBuildPhase section */

/* Begin PBXFileReference section */
		5BFCF3C81C5BB2DA000A1B27 /* MZTemperature */ = {isa = PBXFileReference; explicitFileType = "compiled.mach-o.executable"; includeInIndex = 0; path = MZTemperature; sourceTree = BUILT_PRODUCTS_DIR; };
		5BFCF3CB1C5BB2DA000A1B27 /* main.m */ = {isa = PBXFileReference; lastKnownFileType = sourcecode.c.objc; path = main.m; sourceTree = "<group>"; };
/* End PBXFileReference section */

/* Begin PBXFrameworksBuildPhase section */
		5BFCF3C51C5BB2DA000A1B27 /* Frameworks */ = {
			isa = PBXFrameworksBuildPhase;
			buildActionMask = 2147483647;
			files = (
			);
			runOnlyForDeploymentPostprocessing = 0;
		};
/* End PBXFrameworksBuildPhase section */

/* Begin PBXGroup section */
		5BFCF3BF1C5BB2DA000A1B27 = {
			isa = PBXGroup;
			children = (
				5BFCF3CA1C5BB2DA000A1B27 /* MZTemperature */,
				5BFCF3C91C5BB2DA000A1B27 /* Products */,
			);
			sourceTree = "<group>";
		};
		5BFCF3C91C5BB2DA000A1B27 /* Products */ = {
			isa = PBXGroup;
			children = (
				5BFCF3C81C5BB2DA000A1B27 /* MZTemperature */,
			);
			name = Products;
			sourceTree = "<group>";
		};
		5BFCF3CA1C5BB2DA000A1B27 /* MZTemperature */ = {
			isa = PBXGroup;
			children = (
				5BFCF3CB1C5BB2DA000A1B27 /* main.m */,
			);
			path = MZTemperature;
			sourceTree = "<group>";
		};
/* End PBXGroup section */

/* Begin PBXNativeTarget section */
		5BFCF3C71C5BB2DA000A1B27 /* MZTemperature */ = {
			isa = PBXNativeTarget;
			buildConfigurationList = 5BFCF3CF1C5BB2DA000A1B27 /* Build configuration list for PBXNativeTarget "MZTemperature" */;
			buildPhases = (
				5BFCF3C41C5BB2DA000A1B27 /* Sources */,
				5BFCF3C51C5BB2DA000A1B27 /* Frameworks */,
				5BFCF3C61C5BB2DA000A1B27 /* CopyFiles */,
			);
			buildRules = (
			);
			dependencies = (
			);
			name = MZTemperature;
			productName = MZTemperature;
			productReference = 5BFCF3C81C5BB2DA000A1B27 /* MZTemperature */;
			productType = "com.apple.product-type.tool";
		};
/* End PBXNativeTarget section */

/* Begin PBXProject section */
		5BFCF3C01C5BB2DA000A1B27 /* Project object */ = {
			isa = PBXProject;
			attributes = {
				LastUpgradeCheck = 0720;
				ORGANIZATIONNAME = Matin.Zhou;
				TargetAttributes = {
					5BFCF3C71C5BB2DA000A1B27 = {
						CreatedOnToolsVersion = 7.2;
					};
				};
			};
			buildConfigurationList = 5BFCF3C31C5BB2DA000A1B27 /* Build configuration list for PBXProject "MZTemperature" */;
			compatibilityVersion = "Xcode 3.2";
			developmentRegion = English;
			hasScannedForEncodings = 0;
			knownRegions = (
				en,
			);
			mainGroup = 5BFCF3BF1C5BB2DA000A1B27;
			productRefGroup = 5BFCF3C91C5BB2DA000A1B27 /* Products */;
			projectDirPath = "";
			projectRoot = "";
			targets = (
				5BFCF3C71C5BB2DA000A1B27 /* MZTemperature */,
			);
		};
/* End PBXProject section */

/* Begin PBXSourcesBuildPhase section */
		5BFCF3C41C5BB2DA000A1B27 /* Sources */ = {
			isa = PBXSourcesBuildPhase;
			buildActionMask = 2147483647;
			files = (
				5BFCF3CC1C5BB2DA000A1B27 /* main.m in Sources */,
			);
			runOnlyForDeploymentPostprocessing = 0;
		};
/* End PBXSourcesBuildPhase section */

/* Begin XCBuildConfiguration section */
		5BFCF3CD1C5BB2DA000A1B27 /* Debug */ = {
			isa = XCBuildConfiguration;
			buildSettings = {
				ALWAYS_SEARCH_USER_PATHS = NO;
				CLANG_CXX_LANGUAGE_STANDARD = "gnu++0x";
				CLANG_CXX_LIBRARY = "libc++";
				CLANG_ENABLE_MODULES = YES;
				CLANG_ENABLE_OBJC_ARC = YES;
				CLANG_WARN_BOOL_CONVERSION = YES;
				CLANG_WARN_CONSTANT_CONVERSION = YES;
				CLANG_WARN_DIRECT_OBJC_ISA_USAGE = YES_ERROR;
				CLANG_WARN_EMPTY_BODY = YES;
				CLANG_WARN_ENUM_CONVERSION = YES;
				CLANG_WARN_INT_CONVERSION = YES;
				CLANG_WARN_OBJC_ROOT_CLASS = YES_ERROR;
				CLANG_WARN_UNREACHABLE_CODE = YES;
				CLANG_WARN__DUPLICATE_METHOD_MATCH = YES;
				CODE_SIGN_IDENTITY = "-";
				COPY_PHASE_STRIP = NO;
				DEBUG_INFORMATION_FORMAT = dwarf;
				ENABLE_STRICT_OBJC_MSGSEND = YES;
				ENABLE_TESTABILITY = YES;
				GCC_C_LANGUAGE_STANDARD = gnu99;
				GCC_DYNAMIC_NO_PIC = NO;
				GCC_NO_COMMON_BLOCKS = YES;
				GCC_OPTIMIZATION_LEVEL = 0;
				GCC_PREPROCESSOR_DEFINITIONS = (
					"DEBUG=1",
					"$(inherited)",
				);
				GCC_WARN_64_TO_32_BIT_CONVERSION = YES;
				GCC_WARN_ABOUT_RETURN_TYPE = YES_ERROR;
				GCC_WARN_UNDECLARED_SELECTOR = YES;
				GCC_WARN_UNINITIALIZED_AUTOS = YES_AGGRESSIVE;
				GCC_WARN_UNUSED_FUNCTION = YES;
				GCC_WARN_UNUSED_VARIABLE = YES;
				MACOSX_DEPLOYMENT_TARGET = 10.11;
				MTL_ENABLE_DEBUG_INFO = YES;
				ONLY_ACTIVE_ARCH = YES;
				SDKROOT = macosx;
			};
			name = Debug;
		};
		5BFCF3CE1C5BB2DA000A1B27 /* Release */ = {
			isa = XCBuildConfiguration;
			buildSettings = {
				ALWAYS_SEARCH_USER_PATHS = NO;
				CLANG_CXX_LANGUAGE_STANDARD = "gnu++0x";
				CLANG_CXX_LIBRARY = "libc++";
				CLANG_ENABLE_MODULES = YES;
				CLANG_ENABLE_OBJC_ARC = YES;
				CLANG_WARN_BOOL_CONVERSION = YES;
				CLANG_WARN_CONSTANT_CONVERSION = YES;
				CLANG_WARN_DIRECT_OBJC_ISA_USAGE = YES_ERROR;
				CLANG_WARN_EMPTY_BODY = YES;
				CLANG_WARN_ENUM_CONVERSION = YES;
				CLANG_WARN_INT_CONVERSION = YES;
				CLANG_WARN_OBJC_ROOT_CLASS = YES_ERROR;
				CLANG_WARN_UNREACHABLE_CODE = YES;
				CLANG_WARN__DUPLICATE_METHOD_MATCH = YES;
				CODE_SIGN_IDENTITY = "-";
				COPY_PHASE_STRIP = NO;
				DEBUG_INFORMATION_FORMAT = "dwarf-with-dsym";
				ENABLE_NS_ASSERTIONS = NO;
				ENABLE_STRICT_OBJC_MSGSEND = YES;
				GCC_C_LANGUAGE_STANDARD = gnu99;
				GCC_NO_COMMON_BLOCKS = YES;
				GCC_WARN_64_TO_32_BIT_CONVERSION = YES;
				GCC_WARN_ABOUT_RETURN_TYPE = YES_ERROR;
				GCC_WARN_UNDECLARED_SELECTOR = YES;
				GCC_WARN_UNINITIALIZED_AUTOS = YES_AGGRESSIVE;
				GCC_WARN_UNUSED_FUNCTION = YES;
				GCC_WARN_UNUSED_VARIABLE = YES;
				MACOSX_DEPLOYMENT_TARGET = 10.11;
				MTL_ENABLE_DEBUG_INFO = NO;
				SDKROOT = macosx;
			};
			name = Release;
		};
		5BFCF3D01C5BB2DA000A1B27 /* Debug */ = {
			isa = XCBuildConfiguration;
			buildSettings = {
				PRODUCT_NAME = "$(TARGET_NAME)";
			};
			name = Debug;
		};
		5BFCF3D11C5BB2DA000A1B27 /* Release */ = {
			isa = XCBuildConfiguration;
			buildSettings = {
				PRODUCT_NAME = "$(TARGET_NAME)";
			};
			name = Release;
		};
/* End XCBuildConfiguration section */

/* Begin XCConfigurationList section */
		5BFCF3C31C5BB2DA000A1B27 /* Build configuration list for PBXProject "MZTemperature" */ = {
			isa = XCConfigurationList;
			buildConfigurations = (
				5BFCF3CD1C5BB2DA000A1B27 /* Debug */,
				5BFCF3CE1C5BB2DA000A1B27 /* Release */,
			);
			defaultConfigurationIsVisible = 0;
			defaultConfigurationName = Release;
		};
		5BFCF3CF1C5BB2DA000A1B27 /* Build configuration list for PBXNativeTarget "MZTemperature" */ = {
			isa = XCConfigurationList;
			buildConfigurations = (
				5BFCF3D01C5BB2DA000A1B27 /* Debug */,
				5BFCF3D11C5BB2DA000A1B27 /* Release */,
			);
			defaultConfigurationIsVisible = 0;
		};
/* End XCConfigurationList section */
	};
	rootObject = 5BFCF3C01C5BB2DA000A1B27 /* Project object */;
}
